dependencies:
- name: postgresql
  repository: https://kubernetes-charts.storage.googleapis.com/
  version: 8.6.4
- name: mysql
  repository: https://kubernetes-charts.storage.googleapis.com/
  version: 1.6.7
digest: sha256:27f6de85aee7a6bffc6318f22ee70f325f199c72727079d69e8707ba70f4179a
generated: "2020-10-28T13:20:08.384977+01:00"
